
Microsoft Visual Studio Solution File, Format Version 12.00
# Visual Studio Version 17
VisualStudioVersion = 17.5.33318.248
MinimumVisualStudioVersion = 10.0.40219.1
Project("{FAE04EC0-301F-11D3-BF4B-00C04F79EFBC}") = "CustomerInformation.API", "CustomerInformation.API\CustomerInformation.API.csproj", "{BC78F9AD-1E40-463C-A774-B389EA7F26B8}"
EndProject
Project("{FAE04EC0-301F-11D3-BF4B-00C04F79EFBC}") = "CustomerInformation.Infrastructure", "CustomerInformation.Infrastructure\CustomerInformation.Infrastructure.csproj", "{98F0EFF9-1D48-4CDD-8C63-9087F9DE8E51}"
EndProject
Project("{FAE04EC0-301F-11D3-BF4B-00C04F79EFBC}") = "CustomerInformation.Web", "CustomerInformation.Web\CustomerInformation.Web.csproj", "{E4B2C51E-2C16-4A5A-9A1A-B46EB3668CED}"
EndProject
Global
	GlobalSection(SolutionConfigurationPlatforms) = preSolution
		Debug|Any CPU = Debug|Any CPU
		Release|Any CPU = Release|Any CPU
	EndGlobalSection
	GlobalSection(ProjectConfigurationPlatforms) = postSolution
		{BC78F9AD-1E40-463C-A774-B389EA7F26B8}.Debug|Any CPU.ActiveCfg = Debug|Any CPU
		{BC78F9AD-1E40-463C-A774-B389EA7F26B8}.Debug|Any CPU.Build.0 = Debug|Any CPU
		{BC78F9AD-1E40-463C-A774-B389EA7F26B8}.Release|Any CPU.ActiveCfg = Release|Any CPU
		{BC78F9AD-1E40-463C-A774-B389EA7F26B8}.Release|Any CPU.Build.0 = Release|Any CPU
		{98F0EFF9-1D48-4CDD-8C63-9087F9DE8E51}.Debug|Any CPU.ActiveCfg = Debug|Any CPU
		{98F0EFF9-1D48-4CDD-8C63-9087F9DE8E51}.Debug|Any CPU.Build.0 = Debug|Any CPU
		{98F0EFF9-1D48-4CDD-8C63-9087F9DE8E51}.Release|Any CPU.ActiveCfg = Release|Any CPU
		{98F0EFF9-1D48-4CDD-8C63-9087F9DE8E51}.Release|Any CPU.Build.0 = Release|Any CPU
		{E4B2C51E-2C16-4A5A-9A1A-B46EB3668CED}.Debug|Any CPU.ActiveCfg = Debug|Any CPU
		{E4B2C51E-2C16-4A5A-9A1A-B46EB3668CED}.Debug|Any CPU.Build.0 = Debug|Any CPU
		{E4B2C51E-2C16-4A5A-9A1A-B46EB3668CED}.Release|Any CPU.ActiveCfg = Release|Any CPU
		{E4B2C51E-2C16-4A5A-9A1A-B46EB3668CED}.Release|Any CPU.Build.0 = Release|Any CPU
	EndGlobalSection
	GlobalSection(SolutionProperties) = preSolution
		HideSolutionNode = FALSE
	EndGlobalSection
	GlobalSection(ExtensibilityGlobals) = postSolution
		SolutionGuid = {DA2C92FC-9F98-44DF-83F6-715B792AC8CB}
	EndGlobalSection
EndGlobal
